
Microsoft Visual Studio Solution File, Format Version 12.00
# Visual Studio 2012
Project("{FAE04EC0-301F-11D3-BF4B-00C04F79EFBC}") = "Utilities", "Utilities\Utilities.csproj", "{D943C4FB-5AF0-4965-95A6-7DD36977B63B}"
EndProject
Project("{2150E333-8FDC-42A3-9474-1A3956D46DE8}") = ".nuget", ".nuget", "{62A4D5A4-C0CF-491C-A8C5-1D2DF0B89785}"
	ProjectSection(SolutionItems) = preProject
		.nuget\NuGet.Config = .nuget\NuGet.Config
		.nuget\NuGet.exe = .nuget\NuGet.exe
		.nuget\NuGet.targets = .nuget\NuGet.targets
		.nuget\packages.config = .nuget\packages.config
	EndProjectSection
EndProject
Project("{FAE04EC0-301F-11D3-BF4B-00C04F79EFBC}") = "Collector", "Collector\Collector.csproj", "{52C90E5C-2B8E-43F7-AE43-E839FF181CA1}"
	ProjectSection(ProjectDependencies) = postProject
		{91AC1624-494B-4AB7-A7ED-B2F2B2866959} = {91AC1624-494B-4AB7-A7ED-B2F2B2866959}
		{D943C4FB-5AF0-4965-95A6-7DD36977B63B} = {D943C4FB-5AF0-4965-95A6-7DD36977B63B}
	EndProjectSection
EndProject
Project("{FAE04EC0-301F-11D3-BF4B-00C04F79EFBC}") = "Analysis", "Analysis\Analysis.csproj", "{91AC1624-494B-4AB7-A7ED-B2F2B2866959}"
EndProject
Project("{FAE04EC0-301F-11D3-BF4B-00C04F79EFBC}") = "Test", "Test\Test.csproj", "{8B6DB598-27ED-4B7A-BF3F-BB50C49B6D08}"
	ProjectSection(ProjectDependencies) = postProject
		{91AC1624-494B-4AB7-A7ED-B2F2B2866959} = {91AC1624-494B-4AB7-A7ED-B2F2B2866959}
	EndProjectSection
EndProject
Project("{FAE04EC0-301F-11D3-BF4B-00C04F79EFBC}") = "Classifier", "Classifier\Classifier.csproj", "{A66C2E3E-8009-4313-92DD-6A8B6D5B1CC3}"
Project("{FAE04EC0-301F-11D3-BF4B-00C04F79EFBC}") = "Refactoring", "Refactoring\Refactoring.csproj", "{11321C6A-D122-4B78-8D4B-DF0059AE8E0D}"
EndProject
Project("{FAE04EC0-301F-11D3-BF4B-00C04F79EFBC}") = "Refactoring-Tests", "Refactoring-Tests\Refactoring-Tests.csproj", "{A77048AC-A682-493D-B389-D160748A76EA}"
EndProject
Global
	GlobalSection(SolutionConfigurationPlatforms) = preSolution
		Debug|Any CPU = Debug|Any CPU
		Debug|Mixed Platforms = Debug|Mixed Platforms
		Debug|x86 = Debug|x86
		Release|Any CPU = Release|Any CPU
		Release|Mixed Platforms = Release|Mixed Platforms
		Release|x86 = Release|x86
	EndGlobalSection
	GlobalSection(ProjectConfigurationPlatforms) = postSolution
		{D943C4FB-5AF0-4965-95A6-7DD36977B63B}.Debug|Any CPU.ActiveCfg = Debug|Any CPU
		{D943C4FB-5AF0-4965-95A6-7DD36977B63B}.Debug|Any CPU.Build.0 = Debug|Any CPU
		{D943C4FB-5AF0-4965-95A6-7DD36977B63B}.Debug|Mixed Platforms.ActiveCfg = Debug|Any CPU
		{D943C4FB-5AF0-4965-95A6-7DD36977B63B}.Debug|Mixed Platforms.Build.0 = Debug|Any CPU
		{D943C4FB-5AF0-4965-95A6-7DD36977B63B}.Debug|x86.ActiveCfg = Debug|Any CPU
		{D943C4FB-5AF0-4965-95A6-7DD36977B63B}.Release|Any CPU.ActiveCfg = Release|Any CPU
		{D943C4FB-5AF0-4965-95A6-7DD36977B63B}.Release|Any CPU.Build.0 = Release|Any CPU
		{D943C4FB-5AF0-4965-95A6-7DD36977B63B}.Release|Mixed Platforms.ActiveCfg = Release|Any CPU
		{D943C4FB-5AF0-4965-95A6-7DD36977B63B}.Release|Mixed Platforms.Build.0 = Release|Any CPU
		{D943C4FB-5AF0-4965-95A6-7DD36977B63B}.Release|x86.ActiveCfg = Release|Any CPU
		{52C90E5C-2B8E-43F7-AE43-E839FF181CA1}.Debug|Any CPU.ActiveCfg = Debug|Any CPU
		{52C90E5C-2B8E-43F7-AE43-E839FF181CA1}.Debug|Any CPU.Build.0 = Debug|Any CPU
		{52C90E5C-2B8E-43F7-AE43-E839FF181CA1}.Debug|Mixed Platforms.ActiveCfg = Debug|Any CPU
		{52C90E5C-2B8E-43F7-AE43-E839FF181CA1}.Debug|Mixed Platforms.Build.0 = Debug|Any CPU
		{52C90E5C-2B8E-43F7-AE43-E839FF181CA1}.Debug|x86.ActiveCfg = Debug|Any CPU
		{52C90E5C-2B8E-43F7-AE43-E839FF181CA1}.Release|Any CPU.ActiveCfg = Release|Any CPU
		{52C90E5C-2B8E-43F7-AE43-E839FF181CA1}.Release|Any CPU.Build.0 = Release|Any CPU
		{52C90E5C-2B8E-43F7-AE43-E839FF181CA1}.Release|Mixed Platforms.ActiveCfg = Release|Any CPU
		{52C90E5C-2B8E-43F7-AE43-E839FF181CA1}.Release|Mixed Platforms.Build.0 = Release|Any CPU
		{52C90E5C-2B8E-43F7-AE43-E839FF181CA1}.Release|x86.ActiveCfg = Release|Any CPU
		{91AC1624-494B-4AB7-A7ED-B2F2B2866959}.Debug|Any CPU.ActiveCfg = Debug|Any CPU
		{91AC1624-494B-4AB7-A7ED-B2F2B2866959}.Debug|Any CPU.Build.0 = Debug|Any CPU
		{91AC1624-494B-4AB7-A7ED-B2F2B2866959}.Debug|Mixed Platforms.ActiveCfg = Debug|Any CPU
		{91AC1624-494B-4AB7-A7ED-B2F2B2866959}.Debug|Mixed Platforms.Build.0 = Debug|Any CPU
		{91AC1624-494B-4AB7-A7ED-B2F2B2866959}.Debug|x86.ActiveCfg = Debug|Any CPU
		{91AC1624-494B-4AB7-A7ED-B2F2B2866959}.Release|Any CPU.ActiveCfg = Release|Any CPU
		{91AC1624-494B-4AB7-A7ED-B2F2B2866959}.Release|Any CPU.Build.0 = Release|Any CPU
		{91AC1624-494B-4AB7-A7ED-B2F2B2866959}.Release|Mixed Platforms.ActiveCfg = Release|Any CPU
		{91AC1624-494B-4AB7-A7ED-B2F2B2866959}.Release|Mixed Platforms.Build.0 = Release|Any CPU
		{91AC1624-494B-4AB7-A7ED-B2F2B2866959}.Release|x86.ActiveCfg = Release|Any CPU
		{8B6DB598-27ED-4B7A-BF3F-BB50C49B6D08}.Debug|Any CPU.ActiveCfg = Debug|Any CPU
		{8B6DB598-27ED-4B7A-BF3F-BB50C49B6D08}.Debug|Any CPU.Build.0 = Debug|Any CPU
		{8B6DB598-27ED-4B7A-BF3F-BB50C49B6D08}.Debug|Mixed Platforms.ActiveCfg = Debug|Any CPU
		{8B6DB598-27ED-4B7A-BF3F-BB50C49B6D08}.Debug|Mixed Platforms.Build.0 = Debug|Any CPU
		{8B6DB598-27ED-4B7A-BF3F-BB50C49B6D08}.Debug|x86.ActiveCfg = Debug|Any CPU
		{8B6DB598-27ED-4B7A-BF3F-BB50C49B6D08}.Release|Any CPU.ActiveCfg = Release|Any CPU
		{8B6DB598-27ED-4B7A-BF3F-BB50C49B6D08}.Release|Any CPU.Build.0 = Release|Any CPU
		{8B6DB598-27ED-4B7A-BF3F-BB50C49B6D08}.Release|Mixed Platforms.ActiveCfg = Release|Any CPU
		{8B6DB598-27ED-4B7A-BF3F-BB50C49B6D08}.Release|Mixed Platforms.Build.0 = Release|Any CPU
		{8B6DB598-27ED-4B7A-BF3F-BB50C49B6D08}.Release|x86.ActiveCfg = Release|Any CPU
		{A66C2E3E-8009-4313-92DD-6A8B6D5B1CC3}.Debug|Any CPU.ActiveCfg = Debug|Any CPU
		{A66C2E3E-8009-4313-92DD-6A8B6D5B1CC3}.Debug|Any CPU.Build.0 = Debug|Any CPU
		{A66C2E3E-8009-4313-92DD-6A8B6D5B1CC3}.Debug|Mixed Platforms.ActiveCfg = Debug|Any CPU
		{A66C2E3E-8009-4313-92DD-6A8B6D5B1CC3}.Debug|Mixed Platforms.Build.0 = Debug|Any CPU
		{A66C2E3E-8009-4313-92DD-6A8B6D5B1CC3}.Debug|x86.ActiveCfg = Debug|Any CPU
		{A66C2E3E-8009-4313-92DD-6A8B6D5B1CC3}.Release|Any CPU.ActiveCfg = Release|Any CPU
		{A66C2E3E-8009-4313-92DD-6A8B6D5B1CC3}.Release|Any CPU.Build.0 = Release|Any CPU
		{A66C2E3E-8009-4313-92DD-6A8B6D5B1CC3}.Release|Mixed Platforms.ActiveCfg = Release|Any CPU
		{A66C2E3E-8009-4313-92DD-6A8B6D5B1CC3}.Release|Mixed Platforms.Build.0 = Release|Any CPU
		{A66C2E3E-8009-4313-92DD-6A8B6D5B1CC3}.Release|x86.ActiveCfg = Release|Any CPU
		{11321C6A-D122-4B78-8D4B-DF0059AE8E0D}.Debug|Any CPU.ActiveCfg = Debug|Any CPU
		{11321C6A-D122-4B78-8D4B-DF0059AE8E0D}.Debug|Any CPU.Build.0 = Debug|Any CPU
		{11321C6A-D122-4B78-8D4B-DF0059AE8E0D}.Debug|Mixed Platforms.ActiveCfg = Debug|Any CPU
		{11321C6A-D122-4B78-8D4B-DF0059AE8E0D}.Debug|Mixed Platforms.Build.0 = Debug|Any CPU
		{11321C6A-D122-4B78-8D4B-DF0059AE8E0D}.Debug|x86.ActiveCfg = Debug|Any CPU
		{11321C6A-D122-4B78-8D4B-DF0059AE8E0D}.Release|Any CPU.ActiveCfg = Release|Any CPU
		{11321C6A-D122-4B78-8D4B-DF0059AE8E0D}.Release|Any CPU.Build.0 = Release|Any CPU
		{11321C6A-D122-4B78-8D4B-DF0059AE8E0D}.Release|Mixed Platforms.ActiveCfg = Release|Any CPU
		{11321C6A-D122-4B78-8D4B-DF0059AE8E0D}.Release|Mixed Platforms.Build.0 = Release|Any CPU
		{11321C6A-D122-4B78-8D4B-DF0059AE8E0D}.Release|x86.ActiveCfg = Release|Any CPU
		{A77048AC-A682-493D-B389-D160748A76EA}.Debug|Any CPU.ActiveCfg = Debug|Any CPU
		{A77048AC-A682-493D-B389-D160748A76EA}.Debug|Any CPU.Build.0 = Debug|Any CPU
		{A77048AC-A682-493D-B389-D160748A76EA}.Debug|Mixed Platforms.ActiveCfg = Debug|Any CPU
		{A77048AC-A682-493D-B389-D160748A76EA}.Debug|Mixed Platforms.Build.0 = Debug|Any CPU
		{A77048AC-A682-493D-B389-D160748A76EA}.Debug|x86.ActiveCfg = Debug|Any CPU
		{A77048AC-A682-493D-B389-D160748A76EA}.Release|Any CPU.ActiveCfg = Release|Any CPU
		{A77048AC-A682-493D-B389-D160748A76EA}.Release|Any CPU.Build.0 = Release|Any CPU
		{A77048AC-A682-493D-B389-D160748A76EA}.Release|Mixed Platforms.ActiveCfg = Release|Any CPU
		{A77048AC-A682-493D-B389-D160748A76EA}.Release|Mixed Platforms.Build.0 = Release|Any CPU
		{A77048AC-A682-493D-B389-D160748A76EA}.Release|x86.ActiveCfg = Release|Any CPU
	EndGlobalSection
	GlobalSection(SolutionProperties) = preSolution
		HideSolutionNode = FALSE
	EndGlobalSection
EndGlobal
